{
  "name": "excelerate-reader-workspace",
  "lockfileVersion": 3,
  "requires": true,
  "packages": {
    "": {
      "name": "excelerate-reader-workspace",
      "dependencies": {
        "excelerate-reader": "file:./pkg"
      }
    },
    "node_modules/excelerate-reader": {
      "resolved": "pkg",
      "link": true
    },
    "pkg": {
      "name": "excelerate-reader",
      "version": "0.8.0",
      "license": "MIT"
    }
  }
}
